
Microsoft Visual Studio Solution File, Format Version 12.00
# Visual Studio 15
VisualStudioVersion = 15.0.28307.421
MinimumVisualStudioVersion = 10.0.40219.1
Project("{FAE04EC0-301F-11D3-BF4B-00C04F79EFBC}") = "TNPW", "TNPW\TNPW.csproj", "{770D4447-9C06-4AD5-A665-A492BED95945}"
EndProject
Project("{FAE04EC0-301F-11D3-BF4B-00C04F79EFBC}") = "DataKnihovna", "DataKnihovna\DataKnihovna.csproj", "{9C2C632C-86CA-476A-A8F7-5CD933B42C53}"
EndProject
Global
	GlobalSection(SolutionConfigurationPlatforms) = preSolution
		Debug|Any CPU = Debug|Any CPU
		Release|Any CPU = Release|Any CPU
	EndGlobalSection
	GlobalSection(ProjectConfigurationPlatforms) = postSolution
		{770D4447-9C06-4AD5-A665-A492BED95945}.Debug|Any CPU.ActiveCfg = Debug|Any CPU
		{770D4447-9C06-4AD5-A665-A492BED95945}.Debug|Any CPU.Build.0 = Debug|Any CPU
		{770D4447-9C06-4AD5-A665-A492BED95945}.Release|Any CPU.ActiveCfg = Release|Any CPU
		{770D4447-9C06-4AD5-A665-A492BED95945}.Release|Any CPU.Build.0 = Release|Any CPU
		{9C2C632C-86CA-476A-A8F7-5CD933B42C53}.Debug|Any CPU.ActiveCfg = Debug|Any CPU
		{9C2C632C-86CA-476A-A8F7-5CD933B42C53}.Debug|Any CPU.Build.0 = Debug|Any CPU
		{9C2C632C-86CA-476A-A8F7-5CD933B42C53}.Release|Any CPU.ActiveCfg = Release|Any CPU
		{9C2C632C-86CA-476A-A8F7-5CD933B42C53}.Release|Any CPU.Build.0 = Release|Any CPU
	EndGlobalSection
	GlobalSection(SolutionProperties) = preSolution
		HideSolutionNode = FALSE
	EndGlobalSection
	GlobalSection(ExtensibilityGlobals) = postSolution
		SolutionGuid = {ABDE6231-B998-45BA-B676-4BC4AC4487A9}
	EndGlobalSection
EndGlobal
